
Microsoft Visual Studio Solution File, Format Version 12.00
# Visual Studio Version 17
VisualStudioVersion = 17.0.31912.275
MinimumVisualStudioVersion = 10.0.40219.1
Project("{9A19103F-16F7-4668-BE54-9A1E7A4F7556}") = "Day1", "Day1\Day1.csproj", "{955BA9A9-886E-40AE-8DAB-919F7B991153}"
EndProject
Project("{9A19103F-16F7-4668-BE54-9A1E7A4F7556}") = "Day2", "Day2\Day2.csproj", "{0792D7BA-4AD3-4DF5-97AB-DC779AA592E1}"
EndProject
Project("{9A19103F-16F7-4668-BE54-9A1E7A4F7556}") = "Library", "Library\Library.csproj", "{B1233252-A788-4383-8C46-C0B203DA7D4F}"
EndProject
Project("{9A19103F-16F7-4668-BE54-9A1E7A4F7556}") = "Day3", "Day3\Day3.csproj", "{0BC6F930-C41B-4F22-99D4-6F148ACE12B1}"
EndProject
Project("{9A19103F-16F7-4668-BE54-9A1E7A4F7556}") = "Day4", "Day 4\Day4.csproj", "{02D507B8-7894-44B5-9F22-2160AF752882}"
EndProject
Project("{9A19103F-16F7-4668-BE54-9A1E7A4F7556}") = "Day5", "Day5\Day5.csproj", "{D75F7F2D-CDF1-43E4-9DAA-4BFA1F609D1A}"
EndProject
Project("{9A19103F-16F7-4668-BE54-9A1E7A4F7556}") = "Day6", "Day6\Day6.csproj", "{193249CD-FBB2-44BD-9D9D-60963DF44362}"
EndProject
Project("{9A19103F-16F7-4668-BE54-9A1E7A4F7556}") = "Day7", "Day7\Day7.csproj", "{97A2F353-17C7-4510-A20F-2A07179069B2}"
EndProject
Project("{9A19103F-16F7-4668-BE54-9A1E7A4F7556}") = "Day8", "Day8\Day8.csproj", "{955EB2B9-7ECF-46E6-9EAA-F5372FE1ED1D}"
EndProject
Project("{9A19103F-16F7-4668-BE54-9A1E7A4F7556}") = "Day9", "Day9\Day9.csproj", "{B35880A7-600D-40CD-9F80-C59232B65066}"
EndProject
Project("{9A19103F-16F7-4668-BE54-9A1E7A4F7556}") = "Day10", "Day10\Day10.csproj", "{CA60B515-2762-4BA0-803E-880A80329FF2}"
EndProject
Project("{9A19103F-16F7-4668-BE54-9A1E7A4F7556}") = "Day11", "Day11\Day11.csproj", "{1849292B-7614-4EEB-BA04-1FB2EDFF4513}"
EndProject
Project("{9A19103F-16F7-4668-BE54-9A1E7A4F7556}") = "Day12", "Day12\Day12.csproj", "{D0C0E125-F846-4741-A659-68A707A1E339}"
EndProject
Project("{9A19103F-16F7-4668-BE54-9A1E7A4F7556}") = "Day13", "Day13\Day13.csproj", "{D49590BD-E988-498A-9C59-60D58106A857}"
EndProject
Project("{9A19103F-16F7-4668-BE54-9A1E7A4F7556}") = "Day14", "Day14\Day14.csproj", "{2991BE44-7E9F-4306-B744-EF22D73C9B25}"
EndProject
Project("{9A19103F-16F7-4668-BE54-9A1E7A4F7556}") = "Day15", "Day15\Day15.csproj", "{9BFFCEA9-0D07-44CC-9D19-06EA9C9636B2}"
EndProject
Project("{9A19103F-16F7-4668-BE54-9A1E7A4F7556}") = "Day16", "Day16\Day16.csproj", "{F85AA28A-C658-4912-ADDF-7BE80EAFF746}"
EndProject
Project("{9A19103F-16F7-4668-BE54-9A1E7A4F7556}") = "Day23", "Day23\Day23.csproj", "{2E0CA4F9-F278-4F01-BF97-8D2F6AFF0A81}"
EndProject
Project("{9A19103F-16F7-4668-BE54-9A1E7A4F7556}") = "Day24", "Day24\Day24.csproj", "{7E868A88-8AE7-426A-BE28-B3DBF6F20FB4}"
EndProject
Project("{9A19103F-16F7-4668-BE54-9A1E7A4F7556}") = "Day25", "Day25\Day25.csproj", "{2BE0B463-545B-4EB6-AFBC-1C3052D67470}"
EndProject
Project("{FAE04EC0-301F-11D3-BF4B-00C04F79EFBC}") = "Day19", "Day19\Day19.csproj", "{553DA7E1-24D9-49BF-9256-4DD8A49D2ECC}"
EndProject
Project("{FAE04EC0-301F-11D3-BF4B-00C04F79EFBC}") = "Day22", "Day22\Day22.csproj", "{6E8C7188-09C5-4E5C-B8BD-F4546BB0D743}"
EndProject
Project("{FAE04EC0-301F-11D3-BF4B-00C04F79EFBC}") = "Kladd", "Kladd\Kladd.csproj", "{2E79121B-C24A-4997-B9E7-8DDA02D51F4B}"
EndProject
Project("{FAE04EC0-301F-11D3-BF4B-00C04F79EFBC}") = "Day18", "Day18\Day18.csproj", "{C27E501B-D2A4-4E7E-9237-F32F34E4ED33}"
EndProject
Project("{FAE04EC0-301F-11D3-BF4B-00C04F79EFBC}") = "Tests", "Tests\Tests.csproj", "{14360662-7092-40C4-A4DB-072ED4CD93D6}"
EndProject
Global
	GlobalSection(SolutionConfigurationPlatforms) = preSolution
		Debug|Any CPU = Debug|Any CPU
		Release|Any CPU = Release|Any CPU
	EndGlobalSection
	GlobalSection(ProjectConfigurationPlatforms) = postSolution
		{955BA9A9-886E-40AE-8DAB-919F7B991153}.Debug|Any CPU.ActiveCfg = Debug|Any CPU
		{955BA9A9-886E-40AE-8DAB-919F7B991153}.Debug|Any CPU.Build.0 = Debug|Any CPU
		{955BA9A9-886E-40AE-8DAB-919F7B991153}.Release|Any CPU.ActiveCfg = Release|Any CPU
		{955BA9A9-886E-40AE-8DAB-919F7B991153}.Release|Any CPU.Build.0 = Release|Any CPU
		{0792D7BA-4AD3-4DF5-97AB-DC779AA592E1}.Debug|Any CPU.ActiveCfg = Debug|Any CPU
		{0792D7BA-4AD3-4DF5-97AB-DC779AA592E1}.Debug|Any CPU.Build.0 = Debug|Any CPU
		{0792D7BA-4AD3-4DF5-97AB-DC779AA592E1}.Release|Any CPU.ActiveCfg = Release|Any CPU
		{0792D7BA-4AD3-4DF5-97AB-DC779AA592E1}.Release|Any CPU.Build.0 = Release|Any CPU
		{B1233252-A788-4383-8C46-C0B203DA7D4F}.Debug|Any CPU.ActiveCfg = Debug|Any CPU
		{B1233252-A788-4383-8C46-C0B203DA7D4F}.Debug|Any CPU.Build.0 = Debug|Any CPU
		{B1233252-A788-4383-8C46-C0B203DA7D4F}.Release|Any CPU.ActiveCfg = Release|Any CPU
		{B1233252-A788-4383-8C46-C0B203DA7D4F}.Release|Any CPU.Build.0 = Release|Any CPU
		{0BC6F930-C41B-4F22-99D4-6F148ACE12B1}.Debug|Any CPU.ActiveCfg = Debug|Any CPU
		{0BC6F930-C41B-4F22-99D4-6F148ACE12B1}.Debug|Any CPU.Build.0 = Debug|Any CPU
		{0BC6F930-C41B-4F22-99D4-6F148ACE12B1}.Release|Any CPU.ActiveCfg = Release|Any CPU
		{0BC6F930-C41B-4F22-99D4-6F148ACE12B1}.Release|Any CPU.Build.0 = Release|Any CPU
		{02D507B8-7894-44B5-9F22-2160AF752882}.Debug|Any CPU.ActiveCfg = Debug|Any CPU
		{02D507B8-7894-44B5-9F22-2160AF752882}.Debug|Any CPU.Build.0 = Debug|Any CPU
		{02D507B8-7894-44B5-9F22-2160AF752882}.Release|Any CPU.ActiveCfg = Release|Any CPU
		{02D507B8-7894-44B5-9F22-2160AF752882}.Release|Any CPU.Build.0 = Release|Any CPU
		{D75F7F2D-CDF1-43E4-9DAA-4BFA1F609D1A}.Debug|Any CPU.ActiveCfg = Debug|Any CPU
		{D75F7F2D-CDF1-43E4-9DAA-4BFA1F609D1A}.Debug|Any CPU.Build.0 = Debug|Any CPU
		{D75F7F2D-CDF1-43E4-9DAA-4BFA1F609D1A}.Release|Any CPU.ActiveCfg = Release|Any CPU
		{D75F7F2D-CDF1-43E4-9DAA-4BFA1F609D1A}.Release|Any CPU.Build.0 = Release|Any CPU
		{193249CD-FBB2-44BD-9D9D-60963DF44362}.Debug|Any CPU.ActiveCfg = Debug|Any CPU
		{193249CD-FBB2-44BD-9D9D-60963DF44362}.Debug|Any CPU.Build.0 = Debug|Any CPU
		{193249CD-FBB2-44BD-9D9D-60963DF44362}.Release|Any CPU.ActiveCfg = Release|Any CPU
		{193249CD-FBB2-44BD-9D9D-60963DF44362}.Release|Any CPU.Build.0 = Release|Any CPU
		{97A2F353-17C7-4510-A20F-2A07179069B2}.Debug|Any CPU.ActiveCfg = Debug|Any CPU
		{97A2F353-17C7-4510-A20F-2A07179069B2}.Debug|Any CPU.Build.0 = Debug|Any CPU
		{97A2F353-17C7-4510-A20F-2A07179069B2}.Release|Any CPU.ActiveCfg = Release|Any CPU
		{97A2F353-17C7-4510-A20F-2A07179069B2}.Release|Any CPU.Build.0 = Release|Any CPU
		{955EB2B9-7ECF-46E6-9EAA-F5372FE1ED1D}.Debug|Any CPU.ActiveCfg = Debug|Any CPU
		{955EB2B9-7ECF-46E6-9EAA-F5372FE1ED1D}.Debug|Any CPU.Build.0 = Debug|Any CPU
		{955EB2B9-7ECF-46E6-9EAA-F5372FE1ED1D}.Release|Any CPU.ActiveCfg = Release|Any CPU
		{955EB2B9-7ECF-46E6-9EAA-F5372FE1ED1D}.Release|Any CPU.Build.0 = Release|Any CPU
		{B35880A7-600D-40CD-9F80-C59232B65066}.Debug|Any CPU.ActiveCfg = Debug|Any CPU
		{B35880A7-600D-40CD-9F80-C59232B65066}.Debug|Any CPU.Build.0 = Debug|Any CPU
		{B35880A7-600D-40CD-9F80-C59232B65066}.Release|Any CPU.ActiveCfg = Release|Any CPU
		{B35880A7-600D-40CD-9F80-C59232B65066}.Release|Any CPU.Build.0 = Release|Any CPU
		{CA60B515-2762-4BA0-803E-880A80329FF2}.Debug|Any CPU.ActiveCfg = Debug|Any CPU
		{CA60B515-2762-4BA0-803E-880A80329FF2}.Debug|Any CPU.Build.0 = Debug|Any CPU
		{CA60B515-2762-4BA0-803E-880A80329FF2}.Release|Any CPU.ActiveCfg = Release|Any CPU
		{CA60B515-2762-4BA0-803E-880A80329FF2}.Release|Any CPU.Build.0 = Release|Any CPU
		{1849292B-7614-4EEB-BA04-1FB2EDFF4513}.Debug|Any CPU.ActiveCfg = Debug|Any CPU
		{1849292B-7614-4EEB-BA04-1FB2EDFF4513}.Debug|Any CPU.Build.0 = Debug|Any CPU
		{1849292B-7614-4EEB-BA04-1FB2EDFF4513}.Release|Any CPU.ActiveCfg = Release|Any CPU
		{1849292B-7614-4EEB-BA04-1FB2EDFF4513}.Release|Any CPU.Build.0 = Release|Any CPU
		{D0C0E125-F846-4741-A659-68A707A1E339}.Debug|Any CPU.ActiveCfg = Debug|Any CPU
		{D0C0E125-F846-4741-A659-68A707A1E339}.Debug|Any CPU.Build.0 = Debug|Any CPU
		{D0C0E125-F846-4741-A659-68A707A1E339}.Release|Any CPU.ActiveCfg = Release|Any CPU
		{D0C0E125-F846-4741-A659-68A707A1E339}.Release|Any CPU.Build.0 = Release|Any CPU
		{D49590BD-E988-498A-9C59-60D58106A857}.Debug|Any CPU.ActiveCfg = Debug|Any CPU
		{D49590BD-E988-498A-9C59-60D58106A857}.Debug|Any CPU.Build.0 = Debug|Any CPU
		{D49590BD-E988-498A-9C59-60D58106A857}.Release|Any CPU.ActiveCfg = Release|Any CPU
		{D49590BD-E988-498A-9C59-60D58106A857}.Release|Any CPU.Build.0 = Release|Any CPU
		{2991BE44-7E9F-4306-B744-EF22D73C9B25}.Debug|Any CPU.ActiveCfg = Debug|Any CPU
		{2991BE44-7E9F-4306-B744-EF22D73C9B25}.Debug|Any CPU.Build.0 = Debug|Any CPU
		{2991BE44-7E9F-4306-B744-EF22D73C9B25}.Release|Any CPU.ActiveCfg = Release|Any CPU
		{2991BE44-7E9F-4306-B744-EF22D73C9B25}.Release|Any CPU.Build.0 = Release|Any CPU
		{9BFFCEA9-0D07-44CC-9D19-06EA9C9636B2}.Debug|Any CPU.ActiveCfg = Debug|Any CPU
		{9BFFCEA9-0D07-44CC-9D19-06EA9C9636B2}.Debug|Any CPU.Build.0 = Debug|Any CPU
		{9BFFCEA9-0D07-44CC-9D19-06EA9C9636B2}.Release|Any CPU.ActiveCfg = Release|Any CPU
		{9BFFCEA9-0D07-44CC-9D19-06EA9C9636B2}.Release|Any CPU.Build.0 = Release|Any CPU
		{F85AA28A-C658-4912-ADDF-7BE80EAFF746}.Debug|Any CPU.ActiveCfg = Debug|Any CPU
		{F85AA28A-C658-4912-ADDF-7BE80EAFF746}.Debug|Any CPU.Build.0 = Debug|Any CPU
		{F85AA28A-C658-4912-ADDF-7BE80EAFF746}.Release|Any CPU.ActiveCfg = Release|Any CPU
		{F85AA28A-C658-4912-ADDF-7BE80EAFF746}.Release|Any CPU.Build.0 = Release|Any CPU
		{2E0CA4F9-F278-4F01-BF97-8D2F6AFF0A81}.Debug|Any CPU.ActiveCfg = Debug|Any CPU
		{2E0CA4F9-F278-4F01-BF97-8D2F6AFF0A81}.Debug|Any CPU.Build.0 = Debug|Any CPU
		{2E0CA4F9-F278-4F01-BF97-8D2F6AFF0A81}.Release|Any CPU.ActiveCfg = Release|Any CPU
		{2E0CA4F9-F278-4F01-BF97-8D2F6AFF0A81}.Release|Any CPU.Build.0 = Release|Any CPU
		{7E868A88-8AE7-426A-BE28-B3DBF6F20FB4}.Debug|Any CPU.ActiveCfg = Debug|Any CPU
		{7E868A88-8AE7-426A-BE28-B3DBF6F20FB4}.Debug|Any CPU.Build.0 = Debug|Any CPU
		{7E868A88-8AE7-426A-BE28-B3DBF6F20FB4}.Release|Any CPU.ActiveCfg = Release|Any CPU
		{7E868A88-8AE7-426A-BE28-B3DBF6F20FB4}.Release|Any CPU.Build.0 = Release|Any CPU
		{2BE0B463-545B-4EB6-AFBC-1C3052D67470}.Debug|Any CPU.ActiveCfg = Debug|Any CPU
		{2BE0B463-545B-4EB6-AFBC-1C3052D67470}.Debug|Any CPU.Build.0 = Debug|Any CPU
		{2BE0B463-545B-4EB6-AFBC-1C3052D67470}.Release|Any CPU.ActiveCfg = Release|Any CPU
		{2BE0B463-545B-4EB6-AFBC-1C3052D67470}.Release|Any CPU.Build.0 = Release|Any CPU
		{553DA7E1-24D9-49BF-9256-4DD8A49D2ECC}.Debug|Any CPU.ActiveCfg = Debug|Any CPU
		{553DA7E1-24D9-49BF-9256-4DD8A49D2ECC}.Debug|Any CPU.Build.0 = Debug|Any CPU
		{553DA7E1-24D9-49BF-9256-4DD8A49D2ECC}.Release|Any CPU.ActiveCfg = Release|Any CPU
		{553DA7E1-24D9-49BF-9256-4DD8A49D2ECC}.Release|Any CPU.Build.0 = Release|Any CPU
		{6E8C7188-09C5-4E5C-B8BD-F4546BB0D743}.Debug|Any CPU.ActiveCfg = Debug|Any CPU
		{6E8C7188-09C5-4E5C-B8BD-F4546BB0D743}.Debug|Any CPU.Build.0 = Debug|Any CPU
		{6E8C7188-09C5-4E5C-B8BD-F4546BB0D743}.Release|Any CPU.ActiveCfg = Release|Any CPU
		{6E8C7188-09C5-4E5C-B8BD-F4546BB0D743}.Release|Any CPU.Build.0 = Release|Any CPU
		{2E79121B-C24A-4997-B9E7-8DDA02D51F4B}.Debug|Any CPU.ActiveCfg = Debug|Any CPU
		{2E79121B-C24A-4997-B9E7-8DDA02D51F4B}.Debug|Any CPU.Build.0 = Debug|Any CPU
		{2E79121B-C24A-4997-B9E7-8DDA02D51F4B}.Release|Any CPU.ActiveCfg = Release|Any CPU
		{2E79121B-C24A-4997-B9E7-8DDA02D51F4B}.Release|Any CPU.Build.0 = Release|Any CPU
		{C27E501B-D2A4-4E7E-9237-F32F34E4ED33}.Debug|Any CPU.ActiveCfg = Debug|Any CPU
		{C27E501B-D2A4-4E7E-9237-F32F34E4ED33}.Debug|Any CPU.Build.0 = Debug|Any CPU
		{C27E501B-D2A4-4E7E-9237-F32F34E4ED33}.Release|Any CPU.ActiveCfg = Release|Any CPU
		{C27E501B-D2A4-4E7E-9237-F32F34E4ED33}.Release|Any CPU.Build.0 = Release|Any CPU
		{14360662-7092-40C4-A4DB-072ED4CD93D6}.Debug|Any CPU.ActiveCfg = Debug|Any CPU
		{14360662-7092-40C4-A4DB-072ED4CD93D6}.Debug|Any CPU.Build.0 = Debug|Any CPU
		{14360662-7092-40C4-A4DB-072ED4CD93D6}.Release|Any CPU.ActiveCfg = Release|Any CPU
		{14360662-7092-40C4-A4DB-072ED4CD93D6}.Release|Any CPU.Build.0 = Release|Any CPU
	EndGlobalSection
	GlobalSection(SolutionProperties) = preSolution
		HideSolutionNode = FALSE
	EndGlobalSection
	GlobalSection(ExtensibilityGlobals) = postSolution
		SolutionGuid = {9540F270-24AD-4373-AA4B-83539AFCCFED}
	EndGlobalSection
EndGlobal
