
Microsoft Visual Studio Solution File, Format Version 12.00
# Visual Studio Version 17
VisualStudioVersion = 17.0.31912.275
MinimumVisualStudioVersion = 10.0.40219.1
Project("{9A19103F-16F7-4668-BE54-9A1E7A4F7556}") = "Day1", "Day1\Day1.csproj", "{955BA9A9-886E-40AE-8DAB-919F7B991153}"
EndProject
Project("{9A19103F-16F7-4668-BE54-9A1E7A4F7556}") = "Day2", "Day2\Day2.csproj", "{0792D7BA-4AD3-4DF5-97AB-DC779AA592E1}"
EndProject
Project("{9A19103F-16F7-4668-BE54-9A1E7A4F7556}") = "Library", "Library\Library.csproj", "{B1233252-A788-4383-8C46-C0B203DA7D4F}"
EndProject
Project("{9A19103F-16F7-4668-BE54-9A1E7A4F7556}") = "Day3", "Day3\Day3.csproj", "{0BC6F930-C41B-4F22-99D4-6F148ACE12B1}"
EndProject
Project("{9A19103F-16F7-4668-BE54-9A1E7A4F7556}") = "Day4", "Day 4\Day4.csproj", "{02D507B8-7894-44B5-9F22-2160AF752882}"
EndProject
Project("{9A19103F-16F7-4668-BE54-9A1E7A4F7556}") = "Day5", "Day5\Day5.csproj", "{D75F7F2D-CDF1-43E4-9DAA-4BFA1F609D1A}"
EndProject
Project("{9A19103F-16F7-4668-BE54-9A1E7A4F7556}") = "Day6", "Day6\Day6.csproj", "{193249CD-FBB2-44BD-9D9D-60963DF44362}"
EndProject
Project("{FAE04EC0-301F-11D3-BF4B-00C04F79EFBC}") = "Day7", "Day7\Day7.csproj", "{97A2F353-17C7-4510-A20F-2A07179069B2}"
EndProject
Project("{FAE04EC0-301F-11D3-BF4B-00C04F79EFBC}") = "Day8", "Day8\Day8.csproj", "{955EB2B9-7ECF-46E6-9EAA-F5372FE1ED1D}"
EndProject
Project("{FAE04EC0-301F-11D3-BF4B-00C04F79EFBC}") = "Day9", "Day9\Day9.csproj", "{B35880A7-600D-40CD-9F80-C59232B65066}"
EndProject
Global
	GlobalSection(SolutionConfigurationPlatforms) = preSolution
		Debug|Any CPU = Debug|Any CPU
		Release|Any CPU = Release|Any CPU
	EndGlobalSection
	GlobalSection(ProjectConfigurationPlatforms) = postSolution
		{955BA9A9-886E-40AE-8DAB-919F7B991153}.Debug|Any CPU.ActiveCfg = Debug|Any CPU
		{955BA9A9-886E-40AE-8DAB-919F7B991153}.Debug|Any CPU.Build.0 = Debug|Any CPU
		{955BA9A9-886E-40AE-8DAB-919F7B991153}.Release|Any CPU.ActiveCfg = Release|Any CPU
		{955BA9A9-886E-40AE-8DAB-919F7B991153}.Release|Any CPU.Build.0 = Release|Any CPU
		{0792D7BA-4AD3-4DF5-97AB-DC779AA592E1}.Debug|Any CPU.ActiveCfg = Debug|Any CPU
		{0792D7BA-4AD3-4DF5-97AB-DC779AA592E1}.Debug|Any CPU.Build.0 = Debug|Any CPU
		{0792D7BA-4AD3-4DF5-97AB-DC779AA592E1}.Release|Any CPU.ActiveCfg = Release|Any CPU
		{0792D7BA-4AD3-4DF5-97AB-DC779AA592E1}.Release|Any CPU.Build.0 = Release|Any CPU
		{B1233252-A788-4383-8C46-C0B203DA7D4F}.Debug|Any CPU.ActiveCfg = Debug|Any CPU
		{B1233252-A788-4383-8C46-C0B203DA7D4F}.Debug|Any CPU.Build.0 = Debug|Any CPU
		{B1233252-A788-4383-8C46-C0B203DA7D4F}.Release|Any CPU.ActiveCfg = Release|Any CPU
		{B1233252-A788-4383-8C46-C0B203DA7D4F}.Release|Any CPU.Build.0 = Release|Any CPU
		{0BC6F930-C41B-4F22-99D4-6F148ACE12B1}.Debug|Any CPU.ActiveCfg = Debug|Any CPU
		{0BC6F930-C41B-4F22-99D4-6F148ACE12B1}.Debug|Any CPU.Build.0 = Debug|Any CPU
		{0BC6F930-C41B-4F22-99D4-6F148ACE12B1}.Release|Any CPU.ActiveCfg = Release|Any CPU
		{0BC6F930-C41B-4F22-99D4-6F148ACE12B1}.Release|Any CPU.Build.0 = Release|Any CPU
		{02D507B8-7894-44B5-9F22-2160AF752882}.Debug|Any CPU.ActiveCfg = Debug|Any CPU
		{02D507B8-7894-44B5-9F22-2160AF752882}.Debug|Any CPU.Build.0 = Debug|Any CPU
		{02D507B8-7894-44B5-9F22-2160AF752882}.Release|Any CPU.ActiveCfg = Release|Any CPU
		{02D507B8-7894-44B5-9F22-2160AF752882}.Release|Any CPU.Build.0 = Release|Any CPU
		{D75F7F2D-CDF1-43E4-9DAA-4BFA1F609D1A}.Debug|Any CPU.ActiveCfg = Debug|Any CPU
		{D75F7F2D-CDF1-43E4-9DAA-4BFA1F609D1A}.Debug|Any CPU.Build.0 = Debug|Any CPU
		{D75F7F2D-CDF1-43E4-9DAA-4BFA1F609D1A}.Release|Any CPU.ActiveCfg = Release|Any CPU
		{D75F7F2D-CDF1-43E4-9DAA-4BFA1F609D1A}.Release|Any CPU.Build.0 = Release|Any CPU
		{193249CD-FBB2-44BD-9D9D-60963DF44362}.Debug|Any CPU.ActiveCfg = Debug|Any CPU
		{193249CD-FBB2-44BD-9D9D-60963DF44362}.Debug|Any CPU.Build.0 = Debug|Any CPU
		{193249CD-FBB2-44BD-9D9D-60963DF44362}.Release|Any CPU.ActiveCfg = Release|Any CPU
		{193249CD-FBB2-44BD-9D9D-60963DF44362}.Release|Any CPU.Build.0 = Release|Any CPU
		{97A2F353-17C7-4510-A20F-2A07179069B2}.Debug|Any CPU.ActiveCfg = Debug|Any CPU
		{97A2F353-17C7-4510-A20F-2A07179069B2}.Debug|Any CPU.Build.0 = Debug|Any CPU
		{97A2F353-17C7-4510-A20F-2A07179069B2}.Release|Any CPU.ActiveCfg = Release|Any CPU
		{97A2F353-17C7-4510-A20F-2A07179069B2}.Release|Any CPU.Build.0 = Release|Any CPU
		{955EB2B9-7ECF-46E6-9EAA-F5372FE1ED1D}.Debug|Any CPU.ActiveCfg = Debug|Any CPU
		{955EB2B9-7ECF-46E6-9EAA-F5372FE1ED1D}.Debug|Any CPU.Build.0 = Debug|Any CPU
		{955EB2B9-7ECF-46E6-9EAA-F5372FE1ED1D}.Release|Any CPU.ActiveCfg = Release|Any CPU
		{955EB2B9-7ECF-46E6-9EAA-F5372FE1ED1D}.Release|Any CPU.Build.0 = Release|Any CPU
		{B35880A7-600D-40CD-9F80-C59232B65066}.Debug|Any CPU.ActiveCfg = Debug|Any CPU
		{B35880A7-600D-40CD-9F80-C59232B65066}.Debug|Any CPU.Build.0 = Debug|Any CPU
		{B35880A7-600D-40CD-9F80-C59232B65066}.Release|Any CPU.ActiveCfg = Release|Any CPU
		{B35880A7-600D-40CD-9F80-C59232B65066}.Release|Any CPU.Build.0 = Release|Any CPU
	EndGlobalSection
	GlobalSection(SolutionProperties) = preSolution
		HideSolutionNode = FALSE
	EndGlobalSection
	GlobalSection(ExtensibilityGlobals) = postSolution
		SolutionGuid = {9540F270-24AD-4373-AA4B-83539AFCCFED}
	EndGlobalSection
EndGlobal
